
Microsoft Visual Studio Solution File, Format Version 12.00
# Visual Studio Version 16
VisualStudioVersion = 16.0.29926.136
MinimumVisualStudioVersion = 10.0.40219.1
Project("{8BC9CEB8-8B4A-11D0-8D11-00A0C91BC942}") = "BuildAndLink", "BuildAndLink\BuildAndLink.vcxproj", "{4574F8A0-5EF2-4571-9990-6071DB40E876}"
EndProject
Global
	GlobalSection(SolutionConfigurationPlatforms) = preSolution
		Debug|x64 = Debug|x64
		Debug|x86 = Debug|x86
		Release|x64 = Release|x64
		Release|x86 = Release|x86
	EndGlobalSection
	GlobalSection(ProjectConfigurationPlatforms) = postSolution
		{4574F8A0-5EF2-4571-9990-6071DB40E876}.Debug|x64.ActiveCfg = Debug|x64
		{4574F8A0-5EF2-4571-9990-6071DB40E876}.Debug|x64.Build.0 = Debug|x64
		{4574F8A0-5EF2-4571-9990-6071DB40E876}.Debug|x86.ActiveCfg = Debug|Win32
		{4574F8A0-5EF2-4571-9990-6071DB40E876}.Debug|x86.Build.0 = Debug|Win32
		{4574F8A0-5EF2-4571-9990-6071DB40E876}.Release|x64.ActiveCfg = Release|x64
		{4574F8A0-5EF2-4571-9990-6071DB40E876}.Release|x64.Build.0 = Release|x64
		{4574F8A0-5EF2-4571-9990-6071DB40E876}.Release|x86.ActiveCfg = Release|Win32
		{4574F8A0-5EF2-4571-9990-6071DB40E876}.Release|x86.Build.0 = Release|Win32
	EndGlobalSection
	GlobalSection(SolutionProperties) = preSolution
		HideSolutionNode = FALSE
	EndGlobalSection
	GlobalSection(ExtensibilityGlobals) = postSolution
		SolutionGuid = {3D8A0E03-BD92-4278-9B81-C8D7C169280E}
	EndGlobalSection
EndGlobal
