
Microsoft Visual Studio Solution File, Format Version 12.00
# Visual Studio Version 16
VisualStudioVersion = 16.0.29926.136
MinimumVisualStudioVersion = 10.0.40219.1
Project("{8BC9CEB8-8B4A-11D0-8D11-00A0C91BC942}") = "DllCall", "DllCall\DllCall.vcxproj", "{CEDE55BF-1350-4E74-B012-DA383856C46A}"
EndProject
Global
	GlobalSection(SolutionConfigurationPlatforms) = preSolution
		Debug|x64 = Debug|x64
		Debug|x86 = Debug|x86
		Release|x64 = Release|x64
		Release|x86 = Release|x86
	EndGlobalSection
	GlobalSection(ProjectConfigurationPlatforms) = postSolution
		{CEDE55BF-1350-4E74-B012-DA383856C46A}.Debug|x64.ActiveCfg = Debug|x64
		{CEDE55BF-1350-4E74-B012-DA383856C46A}.Debug|x64.Build.0 = Debug|x64
		{CEDE55BF-1350-4E74-B012-DA383856C46A}.Debug|x86.ActiveCfg = Debug|Win32
		{CEDE55BF-1350-4E74-B012-DA383856C46A}.Debug|x86.Build.0 = Debug|Win32
		{CEDE55BF-1350-4E74-B012-DA383856C46A}.Release|x64.ActiveCfg = Release|x64
		{CEDE55BF-1350-4E74-B012-DA383856C46A}.Release|x64.Build.0 = Release|x64
		{CEDE55BF-1350-4E74-B012-DA383856C46A}.Release|x86.ActiveCfg = Release|Win32
		{CEDE55BF-1350-4E74-B012-DA383856C46A}.Release|x86.Build.0 = Release|Win32
	EndGlobalSection
	GlobalSection(SolutionProperties) = preSolution
		HideSolutionNode = FALSE
	EndGlobalSection
	GlobalSection(ExtensibilityGlobals) = postSolution
		SolutionGuid = {B0ABCF9A-91BE-415F-AD13-560DDF4C2CC4}
	EndGlobalSection
EndGlobal
