
Microsoft Visual Studio Solution File, Format Version 12.00
# Visual Studio Version 16
VisualStudioVersion = 16.0.29926.136
MinimumVisualStudioVersion = 10.0.40219.1
Project("{8BC9CEB8-8B4A-11D0-8D11-00A0C91BC942}") = "UsingNamespace_ByteError", "UsingNamespace_ByteError\UsingNamespace_ByteError.vcxproj", "{0E79BF41-2518-4EAA-9B48-A1A06EAEA073}"
EndProject
Global
	GlobalSection(SolutionConfigurationPlatforms) = preSolution
		Debug|x64 = Debug|x64
		Debug|x86 = Debug|x86
		Release|x64 = Release|x64
		Release|x86 = Release|x86
	EndGlobalSection
	GlobalSection(ProjectConfigurationPlatforms) = postSolution
		{0E79BF41-2518-4EAA-9B48-A1A06EAEA073}.Debug|x64.ActiveCfg = Debug|x64
		{0E79BF41-2518-4EAA-9B48-A1A06EAEA073}.Debug|x64.Build.0 = Debug|x64
		{0E79BF41-2518-4EAA-9B48-A1A06EAEA073}.Debug|x86.ActiveCfg = Debug|Win32
		{0E79BF41-2518-4EAA-9B48-A1A06EAEA073}.Debug|x86.Build.0 = Debug|Win32
		{0E79BF41-2518-4EAA-9B48-A1A06EAEA073}.Release|x64.ActiveCfg = Release|x64
		{0E79BF41-2518-4EAA-9B48-A1A06EAEA073}.Release|x64.Build.0 = Release|x64
		{0E79BF41-2518-4EAA-9B48-A1A06EAEA073}.Release|x86.ActiveCfg = Release|Win32
		{0E79BF41-2518-4EAA-9B48-A1A06EAEA073}.Release|x86.Build.0 = Release|Win32
	EndGlobalSection
	GlobalSection(SolutionProperties) = preSolution
		HideSolutionNode = FALSE
	EndGlobalSection
	GlobalSection(ExtensibilityGlobals) = postSolution
		SolutionGuid = {FDF99035-D298-41DC-A77B-7DE364546235}
	EndGlobalSection
EndGlobal
